{
  "requires": true,
  "lockfileVersion": 1,
  "dependencies": {
    "@babel/runtime": {
      "version": "7.10.3",
      "resolved": "https://registry.npmjs.org/@babel/runtime/-/runtime-7.10.3.tgz",
      "integrity": "sha512-RzGO0RLSdokm9Ipe/YD+7ww8X2Ro79qiXZF3HU9ljrM+qnJmH1Vqth+hbiQZy761LnMJTMitHDuKVYTk3k4dLw==",
      "requires": {
        "regenerator-runtime": "^0.13.4"
      }
    },
    "automation-events": {
      "version": "2.0.13",
      "resolved": "https://registry.npmjs.org/automation-events/-/automation-events-2.0.13.tgz",
      "integrity": "sha512-MVlkEM8gmV56Z3Dtg1n3URhXTg9miGVkUpSejRaim2cGN32qbeukESAVanXl8DQ4S7YdJwxaP1EYnhEXl+5CAw==",
      "requires": {
        "@babel/runtime": "^7.10.3",
        "tslib": "^2.0.0"
      },
      "dependencies": {
        "tslib": {
          "version": "2.0.0",
          "resolved": "https://registry.npmjs.org/tslib/-/tslib-2.0.0.tgz",
          "integrity": "sha512-lTqkx847PI7xEDYJntxZH89L2/aXInsyF2luSafe/+0fHOMjlBNXdH6th7f70qxLDhul7KZK0zC8V5ZIyHl0/g=="
        }
      }
    },
    "regenerator-runtime": {
      "version": "0.13.5",
      "resolved": "https://registry.npmjs.org/regenerator-runtime/-/regenerator-runtime-0.13.5.tgz",
      "integrity": "sha512-ZS5w8CpKFinUzOwW3c83oPeVXoNsrLsaCoLtJvAClH135j/R77RuymhiSErhm2lKcwSCIpmvIWSbDkIfAqKQlA=="
    },
    "standardized-audio-context": {
      "version": "24.1.20",
      "resolved": "https://registry.npmjs.org/standardized-audio-context/-/standardized-audio-context-24.1.20.tgz",
      "integrity": "sha512-Fm9PXVNIRDZhu40DOn1T/2Ve1/I2W5caSPksRDWYhyctDlJM+/+w8CO/0Qxpoy1Gb0R4fHMnr6Kbo2oOq4+nww==",
      "requires": {
        "@babel/runtime": "^7.10.3",
        "automation-events": "^2.0.13",
        "tslib": "^2.0.0"
      },
      "dependencies": {
        "tslib": {
          "version": "2.0.0",
          "resolved": "https://registry.npmjs.org/tslib/-/tslib-2.0.0.tgz",
          "integrity": "sha512-lTqkx847PI7xEDYJntxZH89L2/aXInsyF2luSafe/+0fHOMjlBNXdH6th7f70qxLDhul7KZK0zC8V5ZIyHl0/g=="
        }
      }
    },
    "tone": {
      "version": "14.7.11",
      "resolved": "https://registry.npmjs.org/tone/-/tone-14.7.11.tgz",
      "integrity": "sha512-W7Hxo5i8j6QRhdJrPQ0STF97Z66DsDBn09zxEgOtvjFEDWGre6ZMy66FPSU+SsS5PdH8uKSSjqRYf/ulbY0o8g==",
      "requires": {
        "standardized-audio-context": "^24.1.5",
        "tslib": "^1.10.0"
      }
    },
    "tslib": {
      "version": "1.13.0",
      "resolved": "https://registry.npmjs.org/tslib/-/tslib-1.13.0.tgz",
      "integrity": "sha512-i/6DQjL8Xf3be4K/E6Wgpekn5Qasl1usyw++dAA35Ue5orEn65VIxOA+YvNNl9HV3qv70T7CNwjODHZrLwvd1Q=="
    }
  }
}
